# generated by rye
# use `rye lock` or `rye sync` to update this lockfile
#
# last locked with the following flags:
#   pre: false
#   features: []
#   all-features: false
#   with-sources: false
#   generate-hashes: false
#   universal: false

-e file:.
adbc-driver-manager==1.7.0
    # via daily-name
asttokens==3.0.0
    # via stack-data
certifi==2025.7.9
    # via requests
charset-normalizer==3.4.2
    # via requests
decorator==5.2.1
    # via ipython
executing==2.2.0
    # via stack-data
greenlet==3.2.3
    # via sqlalchemy
idna==3.10
    # via requests
ipython==9.4.0
ipython-pygments-lexers==1.1.1
    # via ipython
jedi==0.19.2
    # via ipython
matplotlib-inline==0.1.7
    # via ipython
numpy==2.3.1
    # via pandas
pandas==2.3.1
    # via daily-name
parso==0.8.4
    # via jedi
pexpect==4.9.0
    # via ipython
polars==1.31.0
    # via daily-name
prompt-toolkit==3.0.51
    # via ipython
ptyprocess==0.7.0
    # via pexpect
pure-eval==0.2.3
    # via stack-data
pyarrow==20.0.0
    # via daily-name
pygments==2.19.2
    # via ipython
    # via ipython-pygments-lexers
python-dateutil==2.9.0.post0
    # via pandas
pytz==2025.2
    # via pandas
requests==2.32.4
    # via daily-name
six==1.17.0
    # via python-dateutil
sqlalchemy==2.0.41
    # via daily-name
stack-data==0.6.3
    # via ipython
traitlets==5.14.3
    # via ipython
    # via matplotlib-inline
typing-extensions==4.14.1
    # via adbc-driver-manager
    # via sqlalchemy
tzdata==2025.2
    # via pandas
urllib3==2.5.0
    # via requests
wcwidth==0.2.13
    # via prompt-toolkit
