# generated by rye
# use `rye lock` or `rye sync` to update this lockfile
#
# last locked with the following flags:
#   pre: false
#   features: []
#   all-features: false
#   with-sources: false
#   generate-hashes: false
#   universal: false

-e file:.
adbc-driver-manager==1.7.0
    # via daily-name
certifi==2025.7.9
    # via requests
charset-normalizer==3.4.2
    # via requests
greenlet==3.2.3
    # via sqlalchemy
idna==3.10
    # via requests
numpy==2.3.1
    # via pandas
pandas==2.3.1
    # via daily-name
polars==1.31.0
    # via daily-name
pyarrow==20.0.0
    # via daily-name
python-dateutil==2.9.0.post0
    # via pandas
pytz==2025.2
    # via pandas
requests==2.32.4
    # via daily-name
six==1.17.0
    # via python-dateutil
sqlalchemy==2.0.41
    # via daily-name
typing-extensions==4.14.1
    # via adbc-driver-manager
    # via sqlalchemy
tzdata==2025.2
    # via pandas
urllib3==2.5.0
    # via requests
